
Microsoft Visual Studio Solution File, Format Version 12.00
# Visual Studio Version 16
VisualStudioVersion = 16.0.32407.337
MinimumVisualStudioVersion = 10.0.40219.1
Project("{8BC9CEB8-8B4A-11D0-8D11-00A0C91BC942}") = "OOP_HW2_B977027", "OOP_HW2_B977027\OOP_HW2_B977027.vcxproj", "{075234A4-B21B-4AE0-8949-1E471C88A8BE}"
EndProject
Global
	GlobalSection(SolutionConfigurationPlatforms) = preSolution
		Debug|x64 = Debug|x64
		Debug|x86 = Debug|x86
		Release|x64 = Release|x64
		Release|x86 = Release|x86
	EndGlobalSection
	GlobalSection(ProjectConfigurationPlatforms) = postSolution
		{075234A4-B21B-4AE0-8949-1E471C88A8BE}.Debug|x64.ActiveCfg = Debug|x64
		{075234A4-B21B-4AE0-8949-1E471C88A8BE}.Debug|x64.Build.0 = Debug|x64
		{075234A4-B21B-4AE0-8949-1E471C88A8BE}.Debug|x86.ActiveCfg = Debug|Win32
		{075234A4-B21B-4AE0-8949-1E471C88A8BE}.Debug|x86.Build.0 = Debug|Win32
		{075234A4-B21B-4AE0-8949-1E471C88A8BE}.Release|x64.ActiveCfg = Release|x64
		{075234A4-B21B-4AE0-8949-1E471C88A8BE}.Release|x64.Build.0 = Release|x64
		{075234A4-B21B-4AE0-8949-1E471C88A8BE}.Release|x86.ActiveCfg = Release|Win32
		{075234A4-B21B-4AE0-8949-1E471C88A8BE}.Release|x86.Build.0 = Release|Win32
	EndGlobalSection
	GlobalSection(SolutionProperties) = preSolution
		HideSolutionNode = FALSE
	EndGlobalSection
	GlobalSection(ExtensibilityGlobals) = postSolution
		SolutionGuid = {E82B7EA8-0864-468F-A12C-3EE4575E9F1B}
	EndGlobalSection
EndGlobal
